
Microsoft Visual Studio Solution File, Format Version 12.00
# Visual Studio Version 16
VisualStudioVersion = 16.0.30002.166
MinimumVisualStudioVersion = 10.0.40219.1
Project("{FAE04EC0-301F-11D3-BF4B-00C04F79EFBC}") = "DungeonHunter", "DungeonHunter\DungeonHunter.csproj", "{45FC84DE-0259-4CA6-8403-926AEF8439C3}"
EndProject
Global
	GlobalSection(SolutionConfigurationPlatforms) = preSolution
		Debug|Any CPU = Debug|Any CPU
		Release|Any CPU = Release|Any CPU
	EndGlobalSection
	GlobalSection(ProjectConfigurationPlatforms) = postSolution
		{45FC84DE-0259-4CA6-8403-926AEF8439C3}.Debug|Any CPU.ActiveCfg = Debug|Any CPU
		{45FC84DE-0259-4CA6-8403-926AEF8439C3}.Debug|Any CPU.Build.0 = Debug|Any CPU
		{45FC84DE-0259-4CA6-8403-926AEF8439C3}.Release|Any CPU.ActiveCfg = Release|Any CPU
		{45FC84DE-0259-4CA6-8403-926AEF8439C3}.Release|Any CPU.Build.0 = Release|Any CPU
	EndGlobalSection
	GlobalSection(SolutionProperties) = preSolution
		HideSolutionNode = FALSE
	EndGlobalSection
	GlobalSection(ExtensibilityGlobals) = postSolution
		SolutionGuid = {3B748EAB-412A-473A-B30F-D4D7F24DE4A8}
	EndGlobalSection
EndGlobal
