
Microsoft Visual Studio Solution File, Format Version 12.00
# Visual Studio Version 16
VisualStudioVersion = 16.0.30002.166
MinimumVisualStudioVersion = 10.0.40219.1
Project("{FAE04EC0-301F-11D3-BF4B-00C04F79EFBC}") = "rpg", "rpg\rpg.csproj", "{CE56B0EF-F984-4720-9329-7F7FC354C515}"
EndProject
Global
	GlobalSection(SolutionConfigurationPlatforms) = preSolution
		Debug|Any CPU = Debug|Any CPU
		Release|Any CPU = Release|Any CPU
	EndGlobalSection
	GlobalSection(ProjectConfigurationPlatforms) = postSolution
		{CE56B0EF-F984-4720-9329-7F7FC354C515}.Debug|Any CPU.ActiveCfg = Debug|Any CPU
		{CE56B0EF-F984-4720-9329-7F7FC354C515}.Debug|Any CPU.Build.0 = Debug|Any CPU
		{CE56B0EF-F984-4720-9329-7F7FC354C515}.Release|Any CPU.ActiveCfg = Release|Any CPU
		{CE56B0EF-F984-4720-9329-7F7FC354C515}.Release|Any CPU.Build.0 = Release|Any CPU
	EndGlobalSection
	GlobalSection(SolutionProperties) = preSolution
		HideSolutionNode = FALSE
	EndGlobalSection
	GlobalSection(ExtensibilityGlobals) = postSolution
		SolutionGuid = {2FAE8FE3-92AC-4CED-ACC7-27B8FD2F401B}
	EndGlobalSection
EndGlobal
